// !$*UTF8*$!
{
	archiveVersion = 1;
	classes = {
	};
	objectVersion = 56;
	objects = {

/* Begin PBXBuildFile section */
		9E81BDD4C94FE4DAECE404A2 /* Pods_Museum_UIKit.framework in Frameworks */ = {isa = PBXBuildFile; fileRef = A377917BC2409BC535E9DE84 /* Pods_Museum_UIKit.framework */; };
		F90165D629DDC20B00AA11CD /* Constants.swift in Sources */ = {isa = PBXBuildFile; fileRef = F90165D529DDC20B00AA11CD /* Constants.swift */; };
		F90165DA29DDD4E800AA11CD /* NetworkingManager.swift in Sources */ = {isa = PBXBuildFile; fileRef = F90165D929DDD4E800AA11CD /* NetworkingManager.swift */; };
		F90165DC29DDD61300AA11CD /* WikiAPIModel.swift in Sources */ = {isa = PBXBuildFile; fileRef = F90165DB29DDD61300AA11CD /* WikiAPIModel.swift */; };
		F90165E129DDE31700AA11CD /* CameraPresnter.swift in Sources */ = {isa = PBXBuildFile; fileRef = F90165E029DDE31700AA11CD /* CameraPresnter.swift */; };
		F90165E429DDE3C300AA11CD /* WikiModel.swift in Sources */ = {isa = PBXBuildFile; fileRef = F90165E329DDE3C300AA11CD /* WikiModel.swift */; };
		F90835C029D9F294002A7799 /* UIViews+Ext.swift in Sources */ = {isa = PBXBuildFile; fileRef = F90835BF29D9F294002A7799 /* UIViews+Ext.swift */; };
		F9549F0C29DF3EC400C1F26C /* WikiImageView.swift in Sources */ = {isa = PBXBuildFile; fileRef = F9549F0B29DF3EC400C1F26C /* WikiImageView.swift */; };
		F9549F1129DF3F4F00C1F26C /* WikiImagePresenter.swift in Sources */ = {isa = PBXBuildFile; fileRef = F9549F1029DF3F4F00C1F26C /* WikiImagePresenter.swift */; };
		F9549F1329E0328E00C1F26C /* GoogleService-Info.plist in Resources */ = {isa = PBXBuildFile; fileRef = F9549F1229E0328E00C1F26C /* GoogleService-Info.plist */; };
		F9549F1529E040C100C1F26C /* FirebaseViewController.swift in Sources */ = {isa = PBXBuildFile; fileRef = F9549F1429E040C100C1F26C /* FirebaseViewController.swift */; };
		F9549F2129E0967400C1F26C /* Password.swift in Sources */ = {isa = PBXBuildFile; fileRef = F9549F2029E0967400C1F26C /* Password.swift */; };
		F9549F2329E1DA7800C1F26C /* ImageProperties.swift in Sources */ = {isa = PBXBuildFile; fileRef = F9549F2229E1DA7800C1F26C /* ImageProperties.swift */; };
		F9549F2529E1E66700C1F26C /* ImgurModel.swift in Sources */ = {isa = PBXBuildFile; fileRef = F9549F2429E1E66700C1F26C /* ImgurModel.swift */; };
		F9598FC429D702B1004F5E00 /* AppDelegate.swift in Sources */ = {isa = PBXBuildFile; fileRef = F9598FC329D702B1004F5E00 /* AppDelegate.swift */; };
		F9598FC629D702B1004F5E00 /* SceneDelegate.swift in Sources */ = {isa = PBXBuildFile; fileRef = F9598FC529D702B1004F5E00 /* SceneDelegate.swift */; };
		F9598FC829D702B1004F5E00 /* CameraViewController.swift in Sources */ = {isa = PBXBuildFile; fileRef = F9598FC729D702B1004F5E00 /* CameraViewController.swift */; };
		F9598FCE29D702B1004F5E00 /* Museum_UIKit.xcdatamodeld in Sources */ = {isa = PBXBuildFile; fileRef = F9598FCC29D702B1004F5E00 /* Museum_UIKit.xcdatamodeld */; };
		F9598FD029D702B2004F5E00 /* Assets.xcassets in Resources */ = {isa = PBXBuildFile; fileRef = F9598FCF29D702B2004F5E00 /* Assets.xcassets */; };
		F9598FD329D702B2004F5E00 /* LaunchScreen.storyboard in Resources */ = {isa = PBXBuildFile; fileRef = F9598FD129D702B2004F5E00 /* LaunchScreen.storyboard */; };
		F9598FDB29D72D38004F5E00 /* Coordinator.swift in Sources */ = {isa = PBXBuildFile; fileRef = F9598FDA29D72D38004F5E00 /* Coordinator.swift */; };
		F9598FDD29D72D82004F5E00 /* CameraCoordinator.swift in Sources */ = {isa = PBXBuildFile; fileRef = F9598FDC29D72D82004F5E00 /* CameraCoordinator.swift */; };
		F985413829D9F34F00284A81 /* CamereButton.swift in Sources */ = {isa = PBXBuildFile; fileRef = F985413729D9F34F00284A81 /* CamereButton.swift */; };
		F985413E29DA06B400284A81 /* Inceptionv3.mlmodel in Sources */ = {isa = PBXBuildFile; fileRef = F985413D29DA06B400284A81 /* Inceptionv3.mlmodel */; };
		F985414029DADD4A00284A81 /* RecognitionViewController.swift in Sources */ = {isa = PBXBuildFile; fileRef = F985413F29DADD4A00284A81 /* RecognitionViewController.swift */; };
/* End PBXBuildFile section */

/* Begin PBXFileReference section */
		A377917BC2409BC535E9DE84 /* Pods_Museum_UIKit.framework */ = {isa = PBXFileReference; explicitFileType = wrapper.framework; includeInIndex = 0; path = Pods_Museum_UIKit.framework; sourceTree = BUILT_PRODUCTS_DIR; };
		CD167B83B1101751391776E0 /* Pods-Museum_UIKit.release.xcconfig */ = {isa = PBXFileReference; includeInIndex = 1; lastKnownFileType = text.xcconfig; name = "Pods-Museum_UIKit.release.xcconfig"; path = "Target Support Files/Pods-Museum_UIKit/Pods-Museum_UIKit.release.xcconfig"; sourceTree = "<group>"; };
		E7FABA5E7D9807870A1EEF83 /* Pods-Museum_UIKit.debug.xcconfig */ = {isa = PBXFileReference; includeInIndex = 1; lastKnownFileType = text.xcconfig; name = "Pods-Museum_UIKit.debug.xcconfig"; path = "Target Support Files/Pods-Museum_UIKit/Pods-Museum_UIKit.debug.xcconfig"; sourceTree = "<group>"; };
		F90165D529DDC20B00AA11CD /* Constants.swift */ = {isa = PBXFileReference; lastKnownFileType = sourcecode.swift; path = Constants.swift; sourceTree = "<group>"; };
		F90165D929DDD4E800AA11CD /* NetworkingManager.swift */ = {isa = PBXFileReference; lastKnownFileType = sourcecode.swift; path = NetworkingManager.swift; sourceTree = "<group>"; };
		F90165DB29DDD61300AA11CD /* WikiAPIModel.swift */ = {isa = PBXFileReference; lastKnownFileType = sourcecode.swift; path = WikiAPIModel.swift; sourceTree = "<group>"; };
		F90165E029DDE31700AA11CD /* CameraPresnter.swift */ = {isa = PBXFileReference; lastKnownFileType = sourcecode.swift; path = CameraPresnter.swift; sourceTree = "<group>"; };
		F90165E329DDE3C300AA11CD /* WikiModel.swift */ = {isa = PBXFileReference; lastKnownFileType = sourcecode.swift; path = WikiModel.swift; sourceTree = "<group>"; };
		F90835BF29D9F294002A7799 /* UIViews+Ext.swift */ = {isa = PBXFileReference; lastKnownFileType = sourcecode.swift; path = "UIViews+Ext.swift"; sourceTree = "<group>"; };
		F9549F0B29DF3EC400C1F26C /* WikiImageView.swift */ = {isa = PBXFileReference; lastKnownFileType = sourcecode.swift; path = WikiImageView.swift; sourceTree = "<group>"; };
		F9549F1029DF3F4F00C1F26C /* WikiImagePresenter.swift */ = {isa = PBXFileReference; lastKnownFileType = sourcecode.swift; path = WikiImagePresenter.swift; sourceTree = "<group>"; };
		F9549F1229E0328E00C1F26C /* GoogleService-Info.plist */ = {isa = PBXFileReference; fileEncoding = 4; lastKnownFileType = text.plist.xml; path = "GoogleService-Info.plist"; sourceTree = "<group>"; };
		F9549F1429E040C100C1F26C /* FirebaseViewController.swift */ = {isa = PBXFileReference; lastKnownFileType = sourcecode.swift; path = FirebaseViewController.swift; sourceTree = "<group>"; };
		F9549F2029E0967400C1F26C /* Password.swift */ = {isa = PBXFileReference; lastKnownFileType = sourcecode.swift; path = Password.swift; sourceTree = "<group>"; };
		F9549F2229E1DA7800C1F26C /* ImageProperties.swift */ = {isa = PBXFileReference; lastKnownFileType = sourcecode.swift; path = ImageProperties.swift; sourceTree = "<group>"; };
		F9549F2429E1E66700C1F26C /* ImgurModel.swift */ = {isa = PBXFileReference; lastKnownFileType = sourcecode.swift; path = ImgurModel.swift; sourceTree = "<group>"; };
		F9598FC029D702B1004F5E00 /* Museum_UIKit.app */ = {isa = PBXFileReference; explicitFileType = wrapper.application; includeInIndex = 0; path = Museum_UIKit.app; sourceTree = BUILT_PRODUCTS_DIR; };
		F9598FC329D702B1004F5E00 /* AppDelegate.swift */ = {isa = PBXFileReference; lastKnownFileType = sourcecode.swift; path = AppDelegate.swift; sourceTree = "<group>"; };
		F9598FC529D702B1004F5E00 /* SceneDelegate.swift */ = {isa = PBXFileReference; lastKnownFileType = sourcecode.swift; path = SceneDelegate.swift; sourceTree = "<group>"; };
		F9598FC729D702B1004F5E00 /* CameraViewController.swift */ = {isa = PBXFileReference; lastKnownFileType = sourcecode.swift; path = CameraViewController.swift; sourceTree = "<group>"; };
		F9598FCD29D702B1004F5E00 /* Museum_UIKit.xcdatamodel */ = {isa = PBXFileReference; lastKnownFileType = wrapper.xcdatamodel; path = Museum_UIKit.xcdatamodel; sourceTree = "<group>"; };
		F9598FCF29D702B2004F5E00 /* Assets.xcassets */ = {isa = PBXFileReference; lastKnownFileType = folder.assetcatalog; path = Assets.xcassets; sourceTree = "<group>"; };
		F9598FD229D702B2004F5E00 /* Base */ = {isa = PBXFileReference; lastKnownFileType = file.storyboard; name = Base; path = Base.lproj/LaunchScreen.storyboard; sourceTree = "<group>"; };
		F9598FD429D702B2004F5E00 /* Info.plist */ = {isa = PBXFileReference; lastKnownFileType = text.plist.xml; path = Info.plist; sourceTree = "<group>"; };
		F9598FDA29D72D38004F5E00 /* Coordinator.swift */ = {isa = PBXFileReference; lastKnownFileType = sourcecode.swift; path = Coordinator.swift; sourceTree = "<group>"; };
		F9598FDC29D72D82004F5E00 /* CameraCoordinator.swift */ = {isa = PBXFileReference; lastKnownFileType = sourcecode.swift; path = CameraCoordinator.swift; sourceTree = "<group>"; };
		F985413729D9F34F00284A81 /* CamereButton.swift */ = {isa = PBXFileReference; lastKnownFileType = sourcecode.swift; path = CamereButton.swift; sourceTree = "<group>"; };
		F985413D29DA06B400284A81 /* Inceptionv3.mlmodel */ = {isa = PBXFileReference; lastKnownFileType = file.mlmodel; path = Inceptionv3.mlmodel; sourceTree = "<group>"; };
		F985413F29DADD4A00284A81 /* RecognitionViewController.swift */ = {isa = PBXFileReference; lastKnownFileType = sourcecode.swift; path = RecognitionViewController.swift; sourceTree = "<group>"; };
/* End PBXFileReference section */

/* Begin PBXFrameworksBuildPhase section */
		F9598FBD29D702B1004F5E00 /* Frameworks */ = {
			isa = PBXFrameworksBuildPhase;
			buildActionMask = 2147483647;
			files = (
				9E81BDD4C94FE4DAECE404A2 /* Pods_Museum_UIKit.framework in Frameworks */,
			);
			runOnlyForDeploymentPostprocessing = 0;
		};
/* End PBXFrameworksBuildPhase section */

/* Begin PBXGroup section */
		19147A0BB96183934E212923 /* Pods */ = {
			isa = PBXGroup;
			children = (
				E7FABA5E7D9807870A1EEF83 /* Pods-Museum_UIKit.debug.xcconfig */,
				CD167B83B1101751391776E0 /* Pods-Museum_UIKit.release.xcconfig */,
			);
			path = Pods;
			sourceTree = "<group>";
		};
		7A3B002233C31DC4EB0CB5C7 /* Frameworks */ = {
			isa = PBXGroup;
			children = (
				A377917BC2409BC535E9DE84 /* Pods_Museum_UIKit.framework */,
			);
			name = Frameworks;
			sourceTree = "<group>";
		};
		F90165DD29DDDB8300AA11CD /* Constants */ = {
			isa = PBXGroup;
			children = (
				F90165D529DDC20B00AA11CD /* Constants.swift */,
				F9549F2029E0967400C1F26C /* Password.swift */,
			);
			path = Constants;
			sourceTree = "<group>";
		};
		F90165DE29DDDB8F00AA11CD /* Managers */ = {
			isa = PBXGroup;
			children = (
				F90165D929DDD4E800AA11CD /* NetworkingManager.swift */,
			);
			path = Managers;
			sourceTree = "<group>";
		};
		F90165DF29DDDB9400AA11CD /* Models */ = {
			isa = PBXGroup;
			children = (
				F90165DB29DDD61300AA11CD /* WikiAPIModel.swift */,
				F90165E329DDE3C300AA11CD /* WikiModel.swift */,
				F9549F2229E1DA7800C1F26C /* ImageProperties.swift */,
				F9549F2429E1E66700C1F26C /* ImgurModel.swift */,
			);
			path = Models;
			sourceTree = "<group>";
		};
		F90165E229DDE3A500AA11CD /* Presenters */ = {
			isa = PBXGroup;
			children = (
				F90165E029DDE31700AA11CD /* CameraPresnter.swift */,
				F9549F1029DF3F4F00C1F26C /* WikiImagePresenter.swift */,
			);
			path = Presenters;
			sourceTree = "<group>";
		};
		F9549F0D29DF3ECB00C1F26C /* Images */ = {
			isa = PBXGroup;
			children = (
				F9549F0B29DF3EC400C1F26C /* WikiImageView.swift */,
			);
			path = Images;
			sourceTree = "<group>";
		};
		F9598FB729D702B1004F5E00 = {
			isa = PBXGroup;
			children = (
				F9598FC229D702B1004F5E00 /* Museum_UIKit */,
				F9598FC129D702B1004F5E00 /* Products */,
				19147A0BB96183934E212923 /* Pods */,
				7A3B002233C31DC4EB0CB5C7 /* Frameworks */,
			);
			sourceTree = "<group>";
		};
		F9598FC129D702B1004F5E00 /* Products */ = {
			isa = PBXGroup;
			children = (
				F9598FC029D702B1004F5E00 /* Museum_UIKit.app */,
			);
			name = Products;
			sourceTree = "<group>";
		};
		F9598FC229D702B1004F5E00 /* Museum_UIKit */ = {
			isa = PBXGroup;
			children = (
				F90165DE29DDDB8F00AA11CD /* Managers */,
				F9598FE029D74A7F004F5E00 /* Screens */,
				F90165E229DDE3A500AA11CD /* Presenters */,
				F9598FDE29D73012004F5E00 /* Coordinators */,
				F90165DF29DDDB9400AA11CD /* Models */,
				F985413A29D9F83700284A81 /* Utilities */,
				F9598FDF29D747D4004F5E00 /* Support */,
				F9598FCF29D702B2004F5E00 /* Assets.xcassets */,
				F9598FD129D702B2004F5E00 /* LaunchScreen.storyboard */,
				F9598FD429D702B2004F5E00 /* Info.plist */,
				F9549F1229E0328E00C1F26C /* GoogleService-Info.plist */,
				F9598FCC29D702B1004F5E00 /* Museum_UIKit.xcdatamodeld */,
			);
			path = Museum_UIKit;
			sourceTree = "<group>";
		};
		F9598FDE29D73012004F5E00 /* Coordinators */ = {
			isa = PBXGroup;
			children = (
				F9598FDA29D72D38004F5E00 /* Coordinator.swift */,
				F9598FDC29D72D82004F5E00 /* CameraCoordinator.swift */,
			);
			path = Coordinators;
			sourceTree = "<group>";
		};
		F9598FDF29D747D4004F5E00 /* Support */ = {
			isa = PBXGroup;
			children = (
				F985413D29DA06B400284A81 /* Inceptionv3.mlmodel */,
				F9598FC329D702B1004F5E00 /* AppDelegate.swift */,
				F9598FC529D702B1004F5E00 /* SceneDelegate.swift */,
			);
			path = Support;
			sourceTree = "<group>";
		};
		F9598FE029D74A7F004F5E00 /* Screens */ = {
			isa = PBXGroup;
			children = (
				F9598FC729D702B1004F5E00 /* CameraViewController.swift */,
				F9549F1429E040C100C1F26C /* FirebaseViewController.swift */,
				F985413F29DADD4A00284A81 /* RecognitionViewController.swift */,
				F985413B29D9F85400284A81 /* Views */,
			);
			path = Screens;
			sourceTree = "<group>";
		};
		F985413929D9F82700284A81 /* Extensions */ = {
			isa = PBXGroup;
			children = (
				F90835BF29D9F294002A7799 /* UIViews+Ext.swift */,
			);
			path = Extensions;
			sourceTree = "<group>";
		};
		F985413A29D9F83700284A81 /* Utilities */ = {
			isa = PBXGroup;
			children = (
				F90165DD29DDDB8300AA11CD /* Constants */,
				F985413929D9F82700284A81 /* Extensions */,
			);
			path = Utilities;
			sourceTree = "<group>";
		};
		F985413B29D9F85400284A81 /* Views */ = {
			isa = PBXGroup;
			children = (
				F985413C29D9F86100284A81 /* Buttons */,
				F9549F0D29DF3ECB00C1F26C /* Images */,
			);
			path = Views;
			sourceTree = "<group>";
		};
		F985413C29D9F86100284A81 /* Buttons */ = {
			isa = PBXGroup;
			children = (
				F985413729D9F34F00284A81 /* CamereButton.swift */,
			);
			path = Buttons;
			sourceTree = "<group>";
		};
/* End PBXGroup section */

/* Begin PBXNativeTarget section */
		F9598FBF29D702B1004F5E00 /* Museum_UIKit */ = {
			isa = PBXNativeTarget;
			buildConfigurationList = F9598FD729D702B2004F5E00 /* Build configuration list for PBXNativeTarget "Museum_UIKit" */;
			buildPhases = (
				2B4001F65D74428818AE80F6 /* [CP] Check Pods Manifest.lock */,
				F9598FBC29D702B1004F5E00 /* Sources */,
				F9598FBD29D702B1004F5E00 /* Frameworks */,
				F9598FBE29D702B1004F5E00 /* Resources */,
				9B08F53518668CA9D3247F4B /* [CP] Embed Pods Frameworks */,
			);
			buildRules = (
			);
			dependencies = (
			);
			name = Museum_UIKit;
			productName = Museum_UIKit;
			productReference = F9598FC029D702B1004F5E00 /* Museum_UIKit.app */;
			productType = "com.apple.product-type.application";
		};
/* End PBXNativeTarget section */

/* Begin PBXProject section */
		F9598FB829D702B1004F5E00 /* Project object */ = {
			isa = PBXProject;
			attributes = {
				BuildIndependentTargetsInParallel = 1;
				LastSwiftUpdateCheck = 1420;
				LastUpgradeCheck = 1420;
				TargetAttributes = {
					F9598FBF29D702B1004F5E00 = {
						CreatedOnToolsVersion = 14.2;
					};
				};
			};
			buildConfigurationList = F9598FBB29D702B1004F5E00 /* Build configuration list for PBXProject "Museum_UIKit" */;
			compatibilityVersion = "Xcode 14.0";
			developmentRegion = en;
			hasScannedForEncodings = 0;
			knownRegions = (
				en,
				Base,
			);
			mainGroup = F9598FB729D702B1004F5E00;
			productRefGroup = F9598FC129D702B1004F5E00 /* Products */;
			projectDirPath = "";
			projectRoot = "";
			targets = (
				F9598FBF29D702B1004F5E00 /* Museum_UIKit */,
			);
		};
/* End PBXProject section */

/* Begin PBXResourcesBuildPhase section */
		F9598FBE29D702B1004F5E00 /* Resources */ = {
			isa = PBXResourcesBuildPhase;
			buildActionMask = 2147483647;
			files = (
				F9598FD329D702B2004F5E00 /* LaunchScreen.storyboard in Resources */,
				F9598FD029D702B2004F5E00 /* Assets.xcassets in Resources */,
				F9549F1329E0328E00C1F26C /* GoogleService-Info.plist in Resources */,
			);
			runOnlyForDeploymentPostprocessing = 0;
		};
/* End PBXResourcesBuildPhase section */

/* Begin PBXShellScriptBuildPhase section */
		2B4001F65D74428818AE80F6 /* [CP] Check Pods Manifest.lock */ = {
			isa = PBXShellScriptBuildPhase;
			buildActionMask = 2147483647;
			files = (
			);
			inputFileListPaths = (
			);
			inputPaths = (
				"${PODS_PODFILE_DIR_PATH}/Podfile.lock",
				"${PODS_ROOT}/Manifest.lock",
			);
			name = "[CP] Check Pods Manifest.lock";
			outputFileListPaths = (
			);
			outputPaths = (
				"$(DERIVED_FILE_DIR)/Pods-Museum_UIKit-checkManifestLockResult.txt",
			);
			runOnlyForDeploymentPostprocessing = 0;
			shellPath = /bin/sh;
			shellScript = "diff \"${PODS_PODFILE_DIR_PATH}/Podfile.lock\" \"${PODS_ROOT}/Manifest.lock\" > /dev/null\nif [ $? != 0 ] ; then\n    # print error to STDERR\n    echo \"error: The sandbox is not in sync with the Podfile.lock. Run 'pod install' or update your CocoaPods installation.\" >&2\n    exit 1\nfi\n# This output is used by Xcode 'outputs' to avoid re-running this script phase.\necho \"SUCCESS\" > \"${SCRIPT_OUTPUT_FILE_0}\"\n";
			showEnvVarsInLog = 0;
		};
		9B08F53518668CA9D3247F4B /* [CP] Embed Pods Frameworks */ = {
			isa = PBXShellScriptBuildPhase;
			buildActionMask = 2147483647;
			files = (
			);
			inputFileListPaths = (
				"${PODS_ROOT}/Target Support Files/Pods-Museum_UIKit/Pods-Museum_UIKit-frameworks-${CONFIGURATION}-input-files.xcfilelist",
			);
			name = "[CP] Embed Pods Frameworks";
			outputFileListPaths = (
				"${PODS_ROOT}/Target Support Files/Pods-Museum_UIKit/Pods-Museum_UIKit-frameworks-${CONFIGURATION}-output-files.xcfilelist",
			);
			runOnlyForDeploymentPostprocessing = 0;
			shellPath = /bin/sh;
			shellScript = "\"${PODS_ROOT}/Target Support Files/Pods-Museum_UIKit/Pods-Museum_UIKit-frameworks.sh\"\n";
			showEnvVarsInLog = 0;
		};
/* End PBXShellScriptBuildPhase section */

/* Begin PBXSourcesBuildPhase section */
		F9598FBC29D702B1004F5E00 /* Sources */ = {
			isa = PBXSourcesBuildPhase;
			buildActionMask = 2147483647;
			files = (
				F9549F0C29DF3EC400C1F26C /* WikiImageView.swift in Sources */,
				F9598FC829D702B1004F5E00 /* CameraViewController.swift in Sources */,
				F90165D629DDC20B00AA11CD /* Constants.swift in Sources */,
				F985413E29DA06B400284A81 /* Inceptionv3.mlmodel in Sources */,
				F985414029DADD4A00284A81 /* RecognitionViewController.swift in Sources */,
				F9598FDD29D72D82004F5E00 /* CameraCoordinator.swift in Sources */,
				F90165E429DDE3C300AA11CD /* WikiModel.swift in Sources */,
				F9549F2129E0967400C1F26C /* Password.swift in Sources */,
				F9549F1529E040C100C1F26C /* FirebaseViewController.swift in Sources */,
				F9598FC429D702B1004F5E00 /* AppDelegate.swift in Sources */,
				F90835C029D9F294002A7799 /* UIViews+Ext.swift in Sources */,
				F90165DA29DDD4E800AA11CD /* NetworkingManager.swift in Sources */,
				F9549F2329E1DA7800C1F26C /* ImageProperties.swift in Sources */,
				F90165E129DDE31700AA11CD /* CameraPresnter.swift in Sources */,
				F9598FDB29D72D38004F5E00 /* Coordinator.swift in Sources */,
				F90165DC29DDD61300AA11CD /* WikiAPIModel.swift in Sources */,
				F9598FCE29D702B1004F5E00 /* Museum_UIKit.xcdatamodeld in Sources */,
				F985413829D9F34F00284A81 /* CamereButton.swift in Sources */,
				F9549F2529E1E66700C1F26C /* ImgurModel.swift in Sources */,
				F9549F1129DF3F4F00C1F26C /* WikiImagePresenter.swift in Sources */,
				F9598FC629D702B1004F5E00 /* SceneDelegate.swift in Sources */,
			);
			runOnlyForDeploymentPostprocessing = 0;
		};
/* End PBXSourcesBuildPhase section */

/* Begin PBXVariantGroup section */
		F9598FD129D702B2004F5E00 /* LaunchScreen.storyboard */ = {
			isa = PBXVariantGroup;
			children = (
				F9598FD229D702B2004F5E00 /* Base */,
			);
			name = LaunchScreen.storyboard;
			sourceTree = "<group>";
		};
/* End PBXVariantGroup section */

/* Begin XCBuildConfiguration section */
		F9598FD529D702B2004F5E00 /* Debug */ = {
			isa = XCBuildConfiguration;
			buildSettings = {
				ALWAYS_SEARCH_USER_PATHS = NO;
				CLANG_ANALYZER_NONNULL = YES;
				CLANG_ANALYZER_NUMBER_OBJECT_CONVERSION = YES_AGGRESSIVE;
				CLANG_CXX_LANGUAGE_STANDARD = "gnu++20";
				CLANG_ENABLE_MODULES = YES;
				CLANG_ENABLE_OBJC_ARC = YES;
				CLANG_ENABLE_OBJC_WEAK = YES;
				CLANG_WARN_BLOCK_CAPTURE_AUTORELEASING = YES;
				CLANG_WARN_BOOL_CONVERSION = YES;
				CLANG_WARN_COMMA = YES;
				CLANG_WARN_CONSTANT_CONVERSION = YES;
				CLANG_WARN_DEPRECATED_OBJC_IMPLEMENTATIONS = YES;
				CLANG_WARN_DIRECT_OBJC_ISA_USAGE = YES_ERROR;
				CLANG_WARN_DOCUMENTATION_COMMENTS = YES;
				CLANG_WARN_EMPTY_BODY = YES;
				CLANG_WARN_ENUM_CONVERSION = YES;
				CLANG_WARN_INFINITE_RECURSION = YES;
				CLANG_WARN_INT_CONVERSION = YES;
				CLANG_WARN_NON_LITERAL_NULL_CONVERSION = YES;
				CLANG_WARN_OBJC_IMPLICIT_RETAIN_SELF = YES;
				CLANG_WARN_OBJC_LITERAL_CONVERSION = YES;
				CLANG_WARN_OBJC_ROOT_CLASS = YES_ERROR;
				CLANG_WARN_QUOTED_INCLUDE_IN_FRAMEWORK_HEADER = YES;
				CLANG_WARN_RANGE_LOOP_ANALYSIS = YES;
				CLANG_WARN_STRICT_PROTOTYPES = YES;
				CLANG_WARN_SUSPICIOUS_MOVE = YES;
				CLANG_WARN_UNGUARDED_AVAILABILITY = YES_AGGRESSIVE;
				CLANG_WARN_UNREACHABLE_CODE = YES;
				CLANG_WARN__DUPLICATE_METHOD_MATCH = YES;
				COPY_PHASE_STRIP = NO;
				DEBUG_INFORMATION_FORMAT = dwarf;
				ENABLE_STRICT_OBJC_MSGSEND = YES;
				ENABLE_TESTABILITY = YES;
				GCC_C_LANGUAGE_STANDARD = gnu11;
				GCC_DYNAMIC_NO_PIC = NO;
				GCC_NO_COMMON_BLOCKS = YES;
				GCC_OPTIMIZATION_LEVEL = 0;
				GCC_PREPROCESSOR_DEFINITIONS = (
					"DEBUG=1",
					"$(inherited)",
				);
				GCC_WARN_64_TO_32_BIT_CONVERSION = YES;
				GCC_WARN_ABOUT_RETURN_TYPE = YES_ERROR;
				GCC_WARN_UNDECLARED_SELECTOR = YES;
				GCC_WARN_UNINITIALIZED_AUTOS = YES_AGGRESSIVE;
				GCC_WARN_UNUSED_FUNCTION = YES;
				GCC_WARN_UNUSED_VARIABLE = YES;
				IPHONEOS_DEPLOYMENT_TARGET = 15.6;
				MTL_ENABLE_DEBUG_INFO = INCLUDE_SOURCE;
				MTL_FAST_MATH = YES;
				ONLY_ACTIVE_ARCH = YES;
				SDKROOT = iphoneos;
				SWIFT_ACTIVE_COMPILATION_CONDITIONS = DEBUG;
				SWIFT_OPTIMIZATION_LEVEL = "-Onone";
			};
			name = Debug;
		};
		F9598FD629D702B2004F5E00 /* Release */ = {
			isa = XCBuildConfiguration;
			buildSettings = {
				ALWAYS_SEARCH_USER_PATHS = NO;
				CLANG_ANALYZER_NONNULL = YES;
				CLANG_ANALYZER_NUMBER_OBJECT_CONVERSION = YES_AGGRESSIVE;
				CLANG_CXX_LANGUAGE_STANDARD = "gnu++20";
				CLANG_ENABLE_MODULES = YES;
				CLANG_ENABLE_OBJC_ARC = YES;
				CLANG_ENABLE_OBJC_WEAK = YES;
				CLANG_WARN_BLOCK_CAPTURE_AUTORELEASING = YES;
				CLANG_WARN_BOOL_CONVERSION = YES;
				CLANG_WARN_COMMA = YES;
				CLANG_WARN_CONSTANT_CONVERSION = YES;
				CLANG_WARN_DEPRECATED_OBJC_IMPLEMENTATIONS = YES;
				CLANG_WARN_DIRECT_OBJC_ISA_USAGE = YES_ERROR;
				CLANG_WARN_DOCUMENTATION_COMMENTS = YES;
				CLANG_WARN_EMPTY_BODY = YES;
				CLANG_WARN_ENUM_CONVERSION = YES;
				CLANG_WARN_INFINITE_RECURSION = YES;
				CLANG_WARN_INT_CONVERSION = YES;
				CLANG_WARN_NON_LITERAL_NULL_CONVERSION = YES;
				CLANG_WARN_OBJC_IMPLICIT_RETAIN_SELF = YES;
				CLANG_WARN_OBJC_LITERAL_CONVERSION = YES;
				CLANG_WARN_OBJC_ROOT_CLASS = YES_ERROR;
				CLANG_WARN_QUOTED_INCLUDE_IN_FRAMEWORK_HEADER = YES;
				CLANG_WARN_RANGE_LOOP_ANALYSIS = YES;
				CLANG_WARN_STRICT_PROTOTYPES = YES;
				CLANG_WARN_SUSPICIOUS_MOVE = YES;
				CLANG_WARN_UNGUARDED_AVAILABILITY = YES_AGGRESSIVE;
				CLANG_WARN_UNREACHABLE_CODE = YES;
				CLANG_WARN__DUPLICATE_METHOD_MATCH = YES;
				COPY_PHASE_STRIP = NO;
				DEBUG_INFORMATION_FORMAT = "dwarf-with-dsym";
				ENABLE_NS_ASSERTIONS = NO;
				ENABLE_STRICT_OBJC_MSGSEND = YES;
				GCC_C_LANGUAGE_STANDARD = gnu11;
				GCC_NO_COMMON_BLOCKS = YES;
				GCC_WARN_64_TO_32_BIT_CONVERSION = YES;
				GCC_WARN_ABOUT_RETURN_TYPE = YES_ERROR;
				GCC_WARN_UNDECLARED_SELECTOR = YES;
				GCC_WARN_UNINITIALIZED_AUTOS = YES_AGGRESSIVE;
				GCC_WARN_UNUSED_FUNCTION = YES;
				GCC_WARN_UNUSED_VARIABLE = YES;
				IPHONEOS_DEPLOYMENT_TARGET = 15.6;
				MTL_ENABLE_DEBUG_INFO = NO;
				MTL_FAST_MATH = YES;
				SDKROOT = iphoneos;
				SWIFT_COMPILATION_MODE = wholemodule;
				SWIFT_OPTIMIZATION_LEVEL = "-O";
				VALIDATE_PRODUCT = YES;
			};
			name = Release;
		};
		F9598FD829D702B2004F5E00 /* Debug */ = {
			isa = XCBuildConfiguration;
			baseConfigurationReference = E7FABA5E7D9807870A1EEF83 /* Pods-Museum_UIKit.debug.xcconfig */;
			buildSettings = {
				ASSETCATALOG_COMPILER_APPICON_NAME = AppIcon;
				ASSETCATALOG_COMPILER_GLOBAL_ACCENT_COLOR_NAME = AccentColor;
				CODE_SIGN_STYLE = Automatic;
				CURRENT_PROJECT_VERSION = 1;
				DEVELOPMENT_TEAM = K33FXWL25N;
				GENERATE_INFOPLIST_FILE = YES;
				INFOPLIST_FILE = Museum_UIKit/Info.plist;
				INFOPLIST_KEY_NSCameraUsageDescription = "Let access to your camera";
				INFOPLIST_KEY_NSPhotoLibraryAddUsageDescription = "Let access to edit your photo library";
				INFOPLIST_KEY_NSPhotoLibraryUsageDescription = "Let access to your photo library";
				INFOPLIST_KEY_UIApplicationSupportsIndirectInputEvents = YES;
				INFOPLIST_KEY_UILaunchStoryboardName = LaunchScreen;
				INFOPLIST_KEY_UIMainStoryboardFile = "";
				INFOPLIST_KEY_UISupportedInterfaceOrientations_iPad = "UIInterfaceOrientationPortrait UIInterfaceOrientationPortraitUpsideDown UIInterfaceOrientationLandscapeLeft UIInterfaceOrientationLandscapeRight";
				INFOPLIST_KEY_UISupportedInterfaceOrientations_iPhone = "UIInterfaceOrientationPortrait UIInterfaceOrientationLandscapeLeft UIInterfaceOrientationLandscapeRight";
				IPHONEOS_DEPLOYMENT_TARGET = 15.6;
				LD_RUNPATH_SEARCH_PATHS = (
					"$(inherited)",
					"@executable_path/Frameworks",
				);
				MARKETING_VERSION = 1.0;
				PRODUCT_BUNDLE_IDENTIFIER = "anatoliyostapenko.github.io.Museum-UIKit";
				PRODUCT_NAME = "$(TARGET_NAME)";
				SWIFT_EMIT_LOC_STRINGS = YES;
				SWIFT_VERSION = 5.0;
				TARGETED_DEVICE_FAMILY = "1,2";
			};
			name = Debug;
		};
		F9598FD929D702B2004F5E00 /* Release */ = {
			isa = XCBuildConfiguration;
			baseConfigurationReference = CD167B83B1101751391776E0 /* Pods-Museum_UIKit.release.xcconfig */;
			buildSettings = {
				ASSETCATALOG_COMPILER_APPICON_NAME = AppIcon;
				ASSETCATALOG_COMPILER_GLOBAL_ACCENT_COLOR_NAME = AccentColor;
				CODE_SIGN_STYLE = Automatic;
				CURRENT_PROJECT_VERSION = 1;
				DEVELOPMENT_TEAM = K33FXWL25N;
				GENERATE_INFOPLIST_FILE = YES;
				INFOPLIST_FILE = Museum_UIKit/Info.plist;
				INFOPLIST_KEY_NSCameraUsageDescription = "Let access to your camera";
				INFOPLIST_KEY_NSPhotoLibraryAddUsageDescription = "Let access to edit your photo library";
				INFOPLIST_KEY_NSPhotoLibraryUsageDescription = "Let access to your photo library";
				INFOPLIST_KEY_UIApplicationSupportsIndirectInputEvents = YES;
				INFOPLIST_KEY_UILaunchStoryboardName = LaunchScreen;
				INFOPLIST_KEY_UIMainStoryboardFile = "";
				INFOPLIST_KEY_UISupportedInterfaceOrientations_iPad = "UIInterfaceOrientationPortrait UIInterfaceOrientationPortraitUpsideDown UIInterfaceOrientationLandscapeLeft UIInterfaceOrientationLandscapeRight";
				INFOPLIST_KEY_UISupportedInterfaceOrientations_iPhone = "UIInterfaceOrientationPortrait UIInterfaceOrientationLandscapeLeft UIInterfaceOrientationLandscapeRight";
				IPHONEOS_DEPLOYMENT_TARGET = 15.6;
				LD_RUNPATH_SEARCH_PATHS = (
					"$(inherited)",
					"@executable_path/Frameworks",
				);
				MARKETING_VERSION = 1.0;
				PRODUCT_BUNDLE_IDENTIFIER = "anatoliyostapenko.github.io.Museum-UIKit";
				PRODUCT_NAME = "$(TARGET_NAME)";
				SWIFT_EMIT_LOC_STRINGS = YES;
				SWIFT_VERSION = 5.0;
				TARGETED_DEVICE_FAMILY = "1,2";
			};
			name = Release;
		};
/* End XCBuildConfiguration section */

/* Begin XCConfigurationList section */
		F9598FBB29D702B1004F5E00 /* Build configuration list for PBXProject "Museum_UIKit" */ = {
			isa = XCConfigurationList;
			buildConfigurations = (
				F9598FD529D702B2004F5E00 /* Debug */,
				F9598FD629D702B2004F5E00 /* Release */,
			);
			defaultConfigurationIsVisible = 0;
			defaultConfigurationName = Release;
		};
		F9598FD729D702B2004F5E00 /* Build configuration list for PBXNativeTarget "Museum_UIKit" */ = {
			isa = XCConfigurationList;
			buildConfigurations = (
				F9598FD829D702B2004F5E00 /* Debug */,
				F9598FD929D702B2004F5E00 /* Release */,
			);
			defaultConfigurationIsVisible = 0;
			defaultConfigurationName = Release;
		};
/* End XCConfigurationList section */

/* Begin XCVersionGroup section */
		F9598FCC29D702B1004F5E00 /* Museum_UIKit.xcdatamodeld */ = {
			isa = XCVersionGroup;
			children = (
				F9598FCD29D702B1004F5E00 /* Museum_UIKit.xcdatamodel */,
			);
			currentVersion = F9598FCD29D702B1004F5E00 /* Museum_UIKit.xcdatamodel */;
			path = Museum_UIKit.xcdatamodeld;
			sourceTree = "<group>";
			versionGroupType = wrapper.xcdatamodel;
		};
/* End XCVersionGroup section */
	};
	rootObject = F9598FB829D702B1004F5E00 /* Project object */;
}
